
Microsoft Visual Studio Solution File, Format Version 12.00
# Visual Studio Version 16
VisualStudioVersion = 16.0.28803.202
MinimumVisualStudioVersion = 10.0.40219.1
Project("{FAE04EC0-301F-11D3-BF4B-00C04F79EFBC}") = "choixResto", "choixResto\choixResto.csproj", "{A3F4BDA7-7E8B-40E6-9C86-DD8345E34ED4}"
EndProject
Project("{FAE04EC0-301F-11D3-BF4B-00C04F79EFBC}") = "choixResto.Tests", "choixResto.Tests\choixResto.Tests.csproj", "{8C7B2C66-8EC3-4ECB-BCA6-68FECCEBA383}"
EndProject
Global
	GlobalSection(SolutionConfigurationPlatforms) = preSolution
		Debug|Any CPU = Debug|Any CPU
		Release|Any CPU = Release|Any CPU
	EndGlobalSection
	GlobalSection(ProjectConfigurationPlatforms) = postSolution
		{A3F4BDA7-7E8B-40E6-9C86-DD8345E34ED4}.Debug|Any CPU.ActiveCfg = Debug|Any CPU
		{A3F4BDA7-7E8B-40E6-9C86-DD8345E34ED4}.Debug|Any CPU.Build.0 = Debug|Any CPU
		{A3F4BDA7-7E8B-40E6-9C86-DD8345E34ED4}.Release|Any CPU.ActiveCfg = Release|Any CPU
		{A3F4BDA7-7E8B-40E6-9C86-DD8345E34ED4}.Release|Any CPU.Build.0 = Release|Any CPU
		{8C7B2C66-8EC3-4ECB-BCA6-68FECCEBA383}.Debug|Any CPU.ActiveCfg = Debug|Any CPU
		{8C7B2C66-8EC3-4ECB-BCA6-68FECCEBA383}.Debug|Any CPU.Build.0 = Debug|Any CPU
		{8C7B2C66-8EC3-4ECB-BCA6-68FECCEBA383}.Release|Any CPU.ActiveCfg = Release|Any CPU
		{8C7B2C66-8EC3-4ECB-BCA6-68FECCEBA383}.Release|Any CPU.Build.0 = Release|Any CPU
	EndGlobalSection
	GlobalSection(SolutionProperties) = preSolution
		HideSolutionNode = FALSE
	EndGlobalSection
	GlobalSection(ExtensibilityGlobals) = postSolution
		SolutionGuid = {58F0E0D7-1427-48BA-8F66-1AC1B5677D54}
	EndGlobalSection
EndGlobal
